Microsoft Visual Studio Solution File, Format Version 12.00
# Visual Studio Version 17
VisualStudioVersion = 17.5.2.0
MinimumVisualStudioVersion = 10.0.40219.1
Project("{FAE04EC0-301F-11D3-BF4B-00C04F79EFBC}") = "PDFTextExtractorDemo-Backend", "PDFTextExtractorDemo-Backend.csproj", "{D5969C13-6681-E510-8F32-48F8721F5CEE}"
EndProject
Global
	GlobalSection(SolutionConfigurationPlatforms) = preSolution
		Debug|Any CPU = Debug|Any CPU
		Release|Any CPU = Release|Any CPU
	EndGlobalSection
	GlobalSection(ProjectConfigurationPlatforms) = postSolution
		{D5969C13-6681-E510-8F32-48F8721F5CEE}.Debug|Any CPU.ActiveCfg = Debug|Any CPU
		{D5969C13-6681-E510-8F32-48F8721F5CEE}.Debug|Any CPU.Build.0 = Debug|Any CPU
		{D5969C13-6681-E510-8F32-48F8721F5CEE}.Release|Any CPU.ActiveCfg = Release|Any CPU
		{D5969C13-6681-E510-8F32-48F8721F5CEE}.Release|Any CPU.Build.0 = Release|Any CPU
	EndGlobalSection
	GlobalSection(SolutionProperties) = preSolution
		HideSolutionNode = FALSE
	EndGlobalSection
	GlobalSection(ExtensibilityGlobals) = postSolution
		SolutionGuid = {1D646631-394A-47DA-897A-D80FFD1073F4}
	EndGlobalSection
EndGlobal
